PODS:
  - Flutter (1.0.0)
  - flutter_vonage_number_verification (0.0.1):
    - Flutter
    - VonageClientSDKNumberVerification
  - integration_test (0.0.1):
    - Flutter
  - VonageClientSDKNumberVerification (1.0.0)

DEPENDENCIES:
  - Flutter (from `Flutter`)
  - flutter_vonage_number_verification (from `.symlinks/plugins/flutter_vonage_number_verification/ios`)
  - integration_test (from `.symlinks/plugins/integration_test/ios`)

SPEC REPOS:
  trunk:
    - VonageClientSDKNumberVerification

EXTERNAL SOURCES:
  Flutter:
    :path: Flutter
  flutter_vonage_number_verification:
    :path: ".symlinks/plugins/flutter_vonage_number_verification/ios"
  integration_test:
    :path: ".symlinks/plugins/integration_test/ios"

SPEC CHECKSUMS:
  Flutter: e0871f40cf51350855a761d2e70bf5af5b9b5de7
  flutter_vonage_number_verification: 7f39d4edac6234062e42661cca73362fb831bc29
  integration_test: 13825b8a9334a850581300559b8839134b124670
  VonageClientSDKNumberVerification: cd7d93e4229308a8f30c9c0fadf6cbfe6913716b

PODFILE CHECKSUM: 819463e6a0290f5a72f145ba7cde16e8b6ef0796

COCOAPODS: 1.15.2
